// !$*UTF8*$!
{
	archiveVersion = 1;
	classes = {
	};
	objectVersion = 46;
	objects = {

/* Begin PBXBuildFile section */
		B0016A3D1A733A4900455DF0 /* MainStoryboard_iPhone.storyboard in Resources */ = {isa = PBXBuildFile; fileRef = B0016A3B1A733A4900455DF0 /* MainStoryboard_iPhone.storyboard */; };
		B079467C1A32DEF500C7B5E1 /* SettingViewController.m in Sources */ = {isa = PBXBuildFile; fileRef = B079467B1A32DEF500C7B5E1 /* SettingViewController.m */; };
		B094637C1A37555500BD776D /* WebTypeSearchViewController.m in Sources */ = {isa = PBXBuildFile; fileRef = B094637B1A37555500BD776D /* WebTypeSearchViewController.m */; };
		B0D3F8EC1A3BABB200F6B934 /* AVFoundation.framework in Frameworks */ = {isa = PBXBuildFile; fileRef = B0D3F8EB1A3BABB200F6B934 /* AVFoundation.framework */; };
		B0E1F3181A59D98700F67676 /* MyTabBarController.m in Sources */ = {isa = PBXBuildFile; fileRef = B0E1F3171A59D98700F67676 /* MyTabBarController.m */; };
		B0E1F31A1A5A187400F67676 /* MapKit.framework in Frameworks */ = {isa = PBXBuildFile; fileRef = B0E1F3191A5A187400F67676 /* MapKit.framework */; };
		B0E1F31C1A5A188300F67676 /* CoreLocation.framework in Frameworks */ = {isa = PBXBuildFile; fileRef = B0E1F31B1A5A188300F67676 /* CoreLocation.framework */; };
		B0E1F31F1A5A1A4700F67676 /* GetLocationViewController.m in Sources */ = {isa = PBXBuildFile; fileRef = B0E1F31E1A5A1A4700F67676 /* GetLocationViewController.m */; };
		B0EAD8A51ABE5C05009520E0 /* iAd.framework in Frameworks */ = {isa = PBXBuildFile; fileRef = B0EAD8A41ABE5C05009520E0 /* iAd.framework */; };
		B0EE70FF1A33ECE400E21D98 /* WeekViewController.m in Sources */ = {isa = PBXBuildFile; fileRef = B0EE70FE1A33ECE400E21D98 /* WeekViewController.m */; };
		B0EE71021A33ED0E00E21D98 /* MonthViewController.m in Sources */ = {isa = PBXBuildFile; fileRef = B0EE71011A33ED0E00E21D98 /* MonthViewController.m */; };
		B0EE71051A33ED3200E21D98 /* SearchViewController.m in Sources */ = {isa = PBXBuildFile; fileRef = B0EE71041A33ED3200E21D98 /* SearchViewController.m */; };
		B0EE71081A34047D00E21D98 /* HandleDb.m in Sources */ = {isa = PBXBuildFile; fileRef = B0EE71071A34047D00E21D98 /* HandleDb.m */; };
		B0F769271A2AEB1900858A02 /* TodayViewController.m in Sources */ = {isa = PBXBuildFile; fileRef = B0F769261A2AEB1900858A02 /* TodayViewController.m */; };
		B0FC81881A38A11900382855 /* WebAddressSearchViewController.m in Sources */ = {isa = PBXBuildFile; fileRef = B0FC81871A38A11900382855 /* WebAddressSearchViewController.m */; };
		CA15373F21778E3C008D1D09 /* rainbow-enoshima_100.jpg in Resources */ = {isa = PBXBuildFile; fileRef = CA15366821778E3C008D1D09 /* rainbow-enoshima_100.jpg */; };
		CA15374021778E3C008D1D09 /* bg_sakura.jpg in Resources */ = {isa = PBXBuildFile; fileRef = CA15366921778E3C008D1D09 /* bg_sakura.jpg */; };
		CA15374121778E3C008D1D09 /* snowflakes Macro_800x600.png in Resources */ = {isa = PBXBuildFile; fileRef = CA15366A21778E3C008D1D09 /* snowflakes Macro_800x600.png */; };
		CA15374221778E3C008D1D09 /* 4_sakura.jpg in Resources */ = {isa = PBXBuildFile; fileRef = CA15366B21778E3C008D1D09 /* 4_sakura.jpg */; };
		CA15374321778E3C008D1D09 /* bg_rainbow-enoshima_s.jpg in Resources */ = {isa = PBXBuildFile; fileRef = CA15366C21778E3C008D1D09 /* bg_rainbow-enoshima_s.jpg */; };
		CA15374421778E3C008D1D09 /* skystar.png in Resources */ = {isa = PBXBuildFile; fileRef = CA15366D21778E3C008D1D09 /* skystar.png */; };
		CA15374521778E3C008D1D09 /* tab_week.png in Resources */ = {isa = PBXBuildFile; fileRef = CA15366E21778E3C008D1D09 /* tab_week.png */; };
		CA15374621778E3C008D1D09 /* non.png in Resources */ = {isa = PBXBuildFile; fileRef = CA15366F21778E3C008D1D09 /* non.png */; };
		CA1537D721778E3D008D1D09 /* back2today.png in Resources */ = {isa = PBXBuildFile; fileRef = CA15370121778E3C008D1D09 /* back2today.png */; };
		CA1537DA21778E3D008D1D09 /* kanen.png in Resources */ = {isa = PBXBuildFile; fileRef = CA15370421778E3C008D1D09 /* kanen.png */; };
		CA1537DE21778E3D008D1D09 /* word_can.png in Resources */ = {isa = PBXBuildFile; fileRef = CA15370821778E3C008D1D09 /* word_can.png */; };
		CA1537E021778E3D008D1D09 /* tab_search.png in Resources */ = {isa = PBXBuildFile; fileRef = CA15370A21778E3C008D1D09 /* tab_search.png */; };
		CA1537E121778E3D008D1D09 /* word_non.png in Resources */ = {isa = PBXBuildFile; fileRef = CA15370B21778E3C008D1D09 /* word_non.png */; };
		CA1537E221778E3D008D1D09 /* tab_search@2x.png in Resources */ = {isa = PBXBuildFile; fileRef = CA15370C21778E3C008D1D09 /* tab_search@2x.png */; };
		CA1537E421778E3D008D1D09 /* word_discard_article.png in Resources */ = {isa = PBXBuildFile; fileRef = CA15370E21778E3C008D1D09 /* word_discard_article.png */; };
		CA1537E521778E3D008D1D09 /* word_kanen.png in Resources */ = {isa = PBXBuildFile; fileRef = CA15370F21778E3C008D1D09 /* word_kanen.png */; };
		CA1537E721778E3D008D1D09 /* date_kanen.png in Resources */ = {isa = PBXBuildFile; fileRef = CA15371121778E3C008D1D09 /* date_kanen.png */; };
		CA1537E821778E3D008D1D09 /* date_discard_article.png in Resources */ = {isa = PBXBuildFile; fileRef = CA15371221778E3C008D1D09 /* date_discard_article.png */; };
		CA1537E921778E3D008D1D09 /* tab_setting.png in Resources */ = {isa = PBXBuildFile; fileRef = CA15371321778E3C008D1D09 /* tab_setting.png */; };
		CA1537EA21778E3D008D1D09 /* can.png in Resources */ = {isa = PBXBuildFile; fileRef = CA15371421778E3C008D1D09 /* can.png */; };
		CA1537EB21778E3D008D1D09 /* glass-splay.png in Resources */ = {isa = PBXBuildFile; fileRef = CA15371521778E3C008D1D09 /* glass-splay.png */; };
		CA1537EC21778E3D008D1D09 /* date_glass-splay.png in Resources */ = {isa = PBXBuildFile; fileRef = CA15371621778E3C008D1D09 /* date_glass-splay.png */; };
		CA1537ED21778E3D008D1D09 /* word_paper-cloth.png in Resources */ = {isa = PBXBuildFile; fileRef = CA15371721778E3C008D1D09 /* word_paper-cloth.png */; };
		CA1537EF21778E3D008D1D09 /* tab_month@2x.png in Resources */ = {isa = PBXBuildFile; fileRef = CA15371921778E3C008D1D09 /* tab_month@2x.png */; };
		CA1537F021778E3D008D1D09 /* word_glass-splay_old.png in Resources */ = {isa = PBXBuildFile; fileRef = CA15371A21778E3C008D1D09 /* word_glass-splay_old.png */; };
		CA1537F121778E3D008D1D09 /* tab_today.png in Resources */ = {isa = PBXBuildFile; fileRef = CA15371B21778E3C008D1D09 /* tab_today.png */; };
		CA1537F321778E3D008D1D09 /* word_funen.png in Resources */ = {isa = PBXBuildFile; fileRef = CA15371D21778E3C008D1D09 /* word_funen.png */; };
		CA1537F421778E3D008D1D09 /* tab_setting@2x.png in Resources */ = {isa = PBXBuildFile; fileRef = CA15371E21778E3C008D1D09 /* tab_setting@2x.png */; };
		CA1537F521778E3D008D1D09 /* tab_month.png in Resources */ = {isa = PBXBuildFile; fileRef = CA15371F21778E3C008D1D09 /* tab_month.png */; };
		CA1537F621778E3D008D1D09 /* date_can.png in Resources */ = {isa = PBXBuildFile; fileRef = CA15372021778E3C008D1D09 /* date_can.png */; };
		CA1537F821778E3D008D1D09 /* date_funen.png in Resources */ = {isa = PBXBuildFile; fileRef = CA15372221778E3C008D1D09 /* date_funen.png */; };
		CA1537F921778E3D008D1D09 /* word_glass-splay.png in Resources */ = {isa = PBXBuildFile; fileRef = CA15372321778E3C008D1D09 /* word_glass-splay.png */; };
		CA1537FA21778E3D008D1D09 /* paper-cloth.png in Resources */ = {isa = PBXBuildFile; fileRef = CA15372421778E3C008D1D09 /* paper-cloth.png */; };
		CA1537FB21778E3D008D1D09 /* date_paper-cloth.png in Resources */ = {isa = PBXBuildFile; fileRef = CA15372521778E3C008D1D09 /* date_paper-cloth.png */; };
		CA1537FD21778E3D008D1D09 /* date_petbottle.png in Resources */ = {isa = PBXBuildFile; fileRef = CA15372721778E3C008D1D09 /* date_petbottle.png */; };
		CA15380421778E3D008D1D09 /* discard_article.png in Resources */ = {isa = PBXBuildFile; fileRef = CA15372E21778E3C008D1D09 /* discard_article.png */; };
		CA15380A21778E3D008D1D09 /* tab_today@2x.png in Resources */ = {isa = PBXBuildFile; fileRef = CA15373421778E3C008D1D09 /* tab_today@2x.png */; };
		CA15380B21778E3D008D1D09 /* tab_week@2x.png in Resources */ = {isa = PBXBuildFile; fileRef = CA15373521778E3C008D1D09 /* tab_week@2x.png */; };
		CA15380C21778E3D008D1D09 /* funen.png in Resources */ = {isa = PBXBuildFile; fileRef = CA15373621778E3C008D1D09 /* funen.png */; };
		CA15384221779001008D1D09 /* 2blk-2019-01.png in Resources */ = {isa = PBXBuildFile; fileRef = CA15382621778FFE008D1D09 /* 2blk-2019-01.png */; };
		CA15384321779001008D1D09 /* 4blk-2019-03.png in Resources */ = {isa = PBXBuildFile; fileRef = CA15382721778FFE008D1D09 /* 4blk-2019-03.png */; };
		CA15384421779001008D1D09 /* 4blk-2019-02.png in Resources */ = {isa = PBXBuildFile; fileRef = CA15382821778FFE008D1D09 /* 4blk-2019-02.png */; };
		CA15384521779001008D1D09 /* 3blk-2019-03.png in Resources */ = {isa = PBXBuildFile; fileRef = CA15382921778FFE008D1D09 /* 3blk-2019-03.png */; };
		CA15384621779001008D1D09 /* 2blk-2018-09.png in Resources */ = {isa = PBXBuildFile; fileRef = CA15382A21778FFE008D1D09 /* 2blk-2018-09.png */; };
		CA15384721779001008D1D09 /* 3blk-2019-02.png in Resources */ = {isa = PBXBuildFile; fileRef = CA15382B21778FFE008D1D09 /* 3blk-2019-02.png */; };
		CA15384821779001008D1D09 /* 2blk-2018-10.png in Resources */ = {isa = PBXBuildFile; fileRef = CA15382C21778FFE008D1D09 /* 2blk-2018-10.png */; };
		CA15384921779001008D1D09 /* 1blk-2018-10.png in Resources */ = {isa = PBXBuildFile; fileRef = CA15382D21778FFE008D1D09 /* 1blk-2018-10.png */; };
		CA15384A21779001008D1D09 /* 2blk-2019-02.png in Resources */ = {isa = PBXBuildFile; fileRef = CA15382E21778FFE008D1D09 /* 2blk-2019-02.png */; };
		CA15384B21779001008D1D09 /* 4blk-2019-01.png in Resources */ = {isa = PBXBuildFile; fileRef = CA15382F21778FFF008D1D09 /* 4blk-2019-01.png */; };
		CA15384C21779001008D1D09 /* 2blk-2018-12.png in Resources */ = {isa = PBXBuildFile; fileRef = CA15383021778FFF008D1D09 /* 2blk-2018-12.png */; };
		CA15384D21779001008D1D09 /* 3blk-2019-01.png in Resources */ = {isa = PBXBuildFile; fileRef = CA15383121778FFF008D1D09 /* 3blk-2019-01.png */; };
		CA15384E21779001008D1D09 /* 4blk-2018-09.png in Resources */ = {isa = PBXBuildFile; fileRef = CA15383221778FFF008D1D09 /* 4blk-2018-09.png */; };
		CA15384F21779001008D1D09 /* 3blk-2018-12.png in Resources */ = {isa = PBXBuildFile; fileRef = CA15383321778FFF008D1D09 /* 3blk-2018-12.png */; };
		CA15385021779001008D1D09 /* 1blk-2019-02.png in Resources */ = {isa = PBXBuildFile; fileRef = CA15383421778FFF008D1D09 /* 1blk-2019-02.png */; };
		CA15385121779001008D1D09 /* 2blk-2019-03.png in Resources */ = {isa = PBXBuildFile; fileRef = CA15383521778FFF008D1D09 /* 2blk-2019-03.png */; };
		CA15385221779001008D1D09 /* 4blk-2018-11.png in Resources */ = {isa = PBXBuildFile; fileRef = CA15383621778FFF008D1D09 /* 4blk-2018-11.png */; };
		CA15385321779001008D1D09 /* 1blk-2019-01.png in Resources */ = {isa = PBXBuildFile; fileRef = CA15383721779000008D1D09 /* 1blk-2019-01.png */; };
		CA15385421779001008D1D09 /* 1blk-2019-03.png in Resources */ = {isa = PBXBuildFile; fileRef = CA15383821779000008D1D09 /* 1blk-2019-03.png */; };
		CA15385521779001008D1D09 /* 4blk-2018-10.png in Resources */ = {isa = PBXBuildFile; fileRef = CA15383921779000008D1D09 /* 4blk-2018-10.png */; };
		CA15385621779001008D1D09 /* 3blk-2018-11.png in Resources */ = {isa = PBXBuildFile; fileRef = CA15383A21779000008D1D09 /* 3blk-2018-11.png */; };
		CA15385721779001008D1D09 /* 1blk-2018-11.png in Resources */ = {isa = PBXBuildFile; fileRef = CA15383B21779000008D1D09 /* 1blk-2018-11.png */; };
		CA15385821779001008D1D09 /* 3blk-2018-10.png in Resources */ = {isa = PBXBuildFile; fileRef = CA15383C21779000008D1D09 /* 3blk-2018-10.png */; };
		CA15385921779001008D1D09 /* 3blk-2018-09.png in Resources */ = {isa = PBXBuildFile; fileRef = CA15383D21779000008D1D09 /* 3blk-2018-09.png */; };
		CA15385A21779001008D1D09 /* 1blk-2018-09.png in Resources */ = {isa = PBXBuildFile; fileRef = CA15383E21779001008D1D09 /* 1blk-2018-09.png */; };
		CA15385B21779001008D1D09 /* 4blk-2018-12.png in Resources */ = {isa = PBXBuildFile; fileRef = CA15383F21779001008D1D09 /* 4blk-2018-12.png */; };
		CA15385C21779001008D1D09 /* 1blk-2018-12.png in Resources */ = {isa = PBXBuildFile; fileRef = CA15384021779001008D1D09 /* 1blk-2018-12.png */; };
		CA15385D21779001008D1D09 /* 2blk-2018-11.png in Resources */ = {isa = PBXBuildFile; fileRef = CA15384121779001008D1D09 /* 2blk-2018-11.png */; };
		CA153860217792AD008D1D09 /* word_petbottle.png in Resources */ = {isa = PBXBuildFile; fileRef = CA15385F217792AC008D1D09 /* word_petbottle.png */; };
		CA153863217792EB008D1D09 /* date_non.png in Resources */ = {isa = PBXBuildFile; fileRef = CA153862217792EA008D1D09 /* date_non.png */; };
		CA1538652177930A008D1D09 /* petbottle.png in Resources */ = {isa = PBXBuildFile; fileRef = CA15386421779309008D1D09 /* petbottle.png */; };
		CA153868217793D8008D1D09 /* zatugamikeihatutirasi-1.png in Resources */ = {isa = PBXBuildFile; fileRef = CA153866217793D7008D1D09 /* zatugamikeihatutirasi-1.png */; };
		CA153869217793D8008D1D09 /* zatugamikeihatutirasi-2.png in Resources */ = {isa = PBXBuildFile; fileRef = CA153867217793D8008D1D09 /* zatugamikeihatutirasi-2.png */; };
		CA15386C217796DC008D1D09 /* 29gomiguideforeign-others.png in Resources */ = {isa = PBXBuildFile; fileRef = CA15386A217796DB008D1D09 /* 29gomiguideforeign-others.png */; };
		CA15386D217796DC008D1D09 /* 29gomiguideforeign-English.png in Resources */ = {isa = PBXBuildFile; fileRef = CA15386B217796DC008D1D09 /* 29gomiguideforeign-English.png */; };
		CA4656BE217C6BDE0006EA44 /* pit_non.png in Resources */ = {isa = PBXBuildFile; fileRef = CA4656BB217C6BDE0006EA44 /* pit_non.png */; };
		CA4656BF217C6BDE0006EA44 /* pit_syuusekijp.png in Resources */ = {isa = PBXBuildFile; fileRef = CA4656BC217C6BDE0006EA44 /* pit_syuusekijp.png */; };
		CA4656C0217C6BDE0006EA44 /* pit_jitaku.png in Resources */ = {isa = PBXBuildFile; fileRef = CA4656BD217C6BDE0006EA44 /* pit_jitaku.png */; };
		CA7025A11A45EBCF0017A98F /* image.xcassets in Resources */ = {isa = PBXBuildFile; fileRef = CA7025A01A45EBCF0017A98F /* image.xcassets */; };
		CA7558251BA53D9C0079C419 /* QuartzCore.framework in Frameworks */ = {isa = PBXBuildFile; fileRef = CA7558241BA53D9C0079C419 /* QuartzCore.framework */; };
		CA794F3D19FB44EE00C96F85 /* UIKit.framework in Frameworks */ = {isa = PBXBuildFile; fileRef = CA794F3C19FB44EE00C96F85 /* UIKit.framework */; };
		CA794F3F19FB44EE00C96F85 /* Foundation.framework in Frameworks */ = {isa = PBXBuildFile; fileRef = CA794F3E19FB44EE00C96F85 /* Foundation.framework */; };
		CA794F4119FB44EE00C96F85 /* CoreGraphics.framework in Frameworks */ = {isa = PBXBuildFile; fileRef = CA794F4019FB44EE00C96F85 /* CoreGraphics.framework */; };
		CA794F4719FB44EE00C96F85 /* InfoPlist.strings in Resources */ = {isa = PBXBuildFile; fileRef = CA794F4519FB44EE00C96F85 /* InfoPlist.strings */; };
		CA794F4919FB44EE00C96F85 /* main.m in Sources */ = {isa = PBXBuildFile; fileRef = CA794F4819FB44EE00C96F85 /* main.m */; };
		CA794F4D19FB44EE00C96F85 /* AppDelegate.m in Sources */ = {isa = PBXBuildFile; fileRef = CA794F4C19FB44EE00C96F85 /* AppDelegate.m */; };
		CA794F4F19FB44EE00C96F85 /* Default.png in Resources */ = {isa = PBXBuildFile; fileRef = CA794F4E19FB44EE00C96F85 /* Default.png */; };
		CA794F5119FB44EE00C96F85 /* Default@2x.png in Resources */ = {isa = PBXBuildFile; fileRef = CA794F5019FB44EE00C96F85 /* Default@2x.png */; };
		CA794F5319FB44EE00C96F85 /* Default-568h@2x.png in Resources */ = {isa = PBXBuildFile; fileRef = CA794F5219FB44EE00C96F85 /* Default-568h@2x.png */; };
		CABAAF9A21857C480092E87C /* blk_east.png in Resources */ = {isa = PBXBuildFile; fileRef = CABAAF9621857C480092E87C /* blk_east.png */; };
		CABAAF9B21857C480092E87C /* blk_west.png in Resources */ = {isa = PBXBuildFile; fileRef = CABAAF9721857C480092E87C /* blk_west.png */; };
		CABAAF9C21857C480092E87C /* blk_south.png in Resources */ = {isa = PBXBuildFile; fileRef = CABAAF9821857C480092E87C /* blk_south.png */; };
		CABAAF9D21857C480092E87C /* blk_north.png in Resources */ = {isa = PBXBuildFile; fileRef = CABAAF9921857C480092E87C /* blk_north.png */; };
		CACEEFEE205D3EE6005A3995 /* db2018.json in Resources */ = {isa = PBXBuildFile; fileRef = CACEEFED205D3EE6005A3995 /* db2018.json */; };
/* End PBXBuildFile section */

/* Begin PBXFileReference section */
		B0016A3C1A733A4900455DF0 /* ja */ = {isa = PBXFileReference; lastKnownFileType = file.storyboard; name = ja; path = ja.lproj/MainStoryboard_iPhone.storyboard; sourceTree = "<group>"; };
		B0016A411A7341C400455DF0 /* en */ = {isa = PBXFileReference; lastKnownFileType = file.storyboard; name = en; path = en.lproj/MainStoryboard_iPhone.storyboard; sourceTree = "<group>"; };
		B079467A1A32DEF500C7B5E1 /* SettingViewController.h */ = {isa = PBXFileReference; fileEncoding = 4; lastKnownFileType = sourcecode.c.h; path = SettingViewController.h; sourceTree = "<group>"; };
		B079467B1A32DEF500C7B5E1 /* SettingViewController.m */ = {isa = PBXFileReference; fileEncoding = 4; lastKnownFileType = sourcecode.c.objc; path = SettingViewController.m; sourceTree = "<group>"; };
		B094637A1A37555500BD776D /* WebTypeSearchViewController.h */ = {isa = PBXFileReference; fileEncoding = 4; lastKnownFileType = sourcecode.c.h; path = WebTypeSearchViewController.h; sourceTree = "<group>"; };
		B094637B1A37555500BD776D /* WebTypeSearchViewController.m */ = {isa = PBXFileReference; fileEncoding = 4; lastKnownFileType = sourcecode.c.objc; path = WebTypeSearchViewController.m; sourceTree = "<group>"; };
		B0D3F8EB1A3BABB200F6B934 /* AVFoundation.framework */ = {isa = PBXFileReference; lastKnownFileType = wrapper.framework; name = AVFoundation.framework; path = System/Library/Frameworks/AVFoundation.framework; sourceTree = SDKROOT; };
		B0E1F3161A59D98700F67676 /* MyTabBarController.h */ = {isa = PBXFileReference; fileEncoding = 4; lastKnownFileType = sourcecode.c.h; path = MyTabBarController.h; sourceTree = "<group>"; };
		B0E1F3171A59D98700F67676 /* MyTabBarController.m */ = {isa = PBXFileReference; fileEncoding = 4; lastKnownFileType = sourcecode.c.objc; path = MyTabBarController.m; sourceTree = "<group>"; };
		B0E1F3191A5A187400F67676 /* MapKit.framework */ = {isa = PBXFileReference; lastKnownFileType = wrapper.framework; name = MapKit.framework; path = System/Library/Frameworks/MapKit.framework; sourceTree = SDKROOT; };
		B0E1F31B1A5A188300F67676 /* CoreLocation.framework */ = {isa = PBXFileReference; lastKnownFileType = wrapper.framework; name = CoreLocation.framework; path = System/Library/Frameworks/CoreLocation.framework; sourceTree = SDKROOT; };
		B0E1F31D1A5A1A4700F67676 /* GetLocationViewController.h */ = {isa = PBXFileReference; fileEncoding = 4; lastKnownFileType = sourcecode.c.h; path = GetLocationViewController.h; sourceTree = "<group>"; };
		B0E1F31E1A5A1A4700F67676 /* GetLocationViewController.m */ = {isa = PBXFileReference; fileEncoding = 4; lastKnownFileType = sourcecode.c.objc; path = GetLocationViewController.m; sourceTree = "<group>"; };
		B0EAD8A41ABE5C05009520E0 /* iAd.framework */ = {isa = PBXFileReference; lastKnownFileType = wrapper.framework; name = iAd.framework; path = System/Library/Frameworks/iAd.framework; sourceTree = SDKROOT; };
		B0EE70FD1A33ECE400E21D98 /* WeekViewController.h */ = {isa = PBXFileReference; fileEncoding = 4; lastKnownFileType = sourcecode.c.h; path = WeekViewController.h; sourceTree = "<group>"; };
		B0EE70FE1A33ECE400E21D98 /* WeekViewController.m */ = {isa = PBXFileReference; fileEncoding = 4; lastKnownFileType = sourcecode.c.objc; path = WeekViewController.m; sourceTree = "<group>"; };
		B0EE71001A33ED0E00E21D98 /* MonthViewController.h */ = {isa = PBXFileReference; fileEncoding = 4; lastKnownFileType = sourcecode.c.h; path = MonthViewController.h; sourceTree = "<group>"; };
		B0EE71011A33ED0E00E21D98 /* MonthViewController.m */ = {isa = PBXFileReference; fileEncoding = 4; lastKnownFileType = sourcecode.c.objc; path = MonthViewController.m; sourceTree = "<group>"; };
		B0EE71031A33ED3200E21D98 /* SearchViewController.h */ = {isa = PBXFileReference; fileEncoding = 4; lastKnownFileType = sourcecode.c.h; path = SearchViewController.h; sourceTree = "<group>"; };
		B0EE71041A33ED3200E21D98 /* SearchViewController.m */ = {isa = PBXFileReference; fileEncoding = 4; lastKnownFileType = sourcecode.c.objc; path = SearchViewController.m; sourceTree = "<group>"; };
		B0EE71061A34047D00E21D98 /* HandleDb.h */ = {isa = PBXFileReference; fileEncoding = 4; lastKnownFileType = sourcecode.c.h; path = HandleDb.h; sourceTree = "<group>"; };
		B0EE71071A34047D00E21D98 /* HandleDb.m */ = {isa = PBXFileReference; fileEncoding = 4; lastKnownFileType = sourcecode.c.objc; path = HandleDb.m; sourceTree = "<group>"; };
		B0F769251A2AEB1900858A02 /* TodayViewController.h */ = {isa = PBXFileReference; fileEncoding = 4; lastKnownFileType = sourcecode.c.h; path = TodayViewController.h; sourceTree = "<group>"; };
		B0F769261A2AEB1900858A02 /* TodayViewController.m */ = {isa = PBXFileReference; fileEncoding = 4; lastKnownFileType = sourcecode.c.objc; path = TodayViewController.m; sourceTree = "<group>"; };
		B0FC81841A388EED00382855 /* WebKit.framework */ = {isa = PBXFileReference; lastKnownFileType = wrapper.framework; name = WebKit.framework; path = System/Library/Frameworks/WebKit.framework; sourceTree = SDKROOT; };
		B0FC81861A38A11900382855 /* WebAddressSearchViewController.h */ = {isa = PBXFileReference; fileEncoding = 4; lastKnownFileType = sourcecode.c.h; path = WebAddressSearchViewController.h; sourceTree = "<group>"; };
		B0FC81871A38A11900382855 /* WebAddressSearchViewController.m */ = {isa = PBXFileReference; fileEncoding = 4; lastKnownFileType = sourcecode.c.objc; path = WebAddressSearchViewController.m; sourceTree = "<group>"; };
		CA15366821778E3C008D1D09 /* rainbow-enoshima_100.jpg */ = {isa = PBXFileReference; lastKnownFileType = image.jpeg; path = "rainbow-enoshima_100.jpg"; sourceTree = "<group>"; };
		CA15366921778E3C008D1D09 /* bg_sakura.jpg */ = {isa = PBXFileReference; lastKnownFileType = image.jpeg; path = bg_sakura.jpg; sourceTree = "<group>"; };
		CA15366A21778E3C008D1D09 /* snowflakes Macro_800x600.png */ = {isa = PBXFileReference; lastKnownFileType = image.png; path = "snowflakes Macro_800x600.png"; sourceTree = "<group>"; };
		CA15366B21778E3C008D1D09 /* 4_sakura.jpg */ = {isa = PBXFileReference; lastKnownFileType = image.jpeg; path = 4_sakura.jpg; sourceTree = "<group>"; };
		CA15366C21778E3C008D1D09 /* bg_rainbow-enoshima_s.jpg */ = {isa = PBXFileReference; lastKnownFileType = image.jpeg; path = "bg_rainbow-enoshima_s.jpg"; sourceTree = "<group>"; };
		CA15366D21778E3C008D1D09 /* skystar.png */ = {isa = PBXFileReference; lastKnownFileType = image.png; path = skystar.png; sourceTree = "<group>"; };
		CA15366E21778E3C008D1D09 /* tab_week.png */ = {isa = PBXFileReference; lastKnownFileType = image.png; path = tab_week.png; sourceTree = "<group>"; };
		CA15366F21778E3C008D1D09 /* non.png */ = {isa = PBXFileReference; lastKnownFileType = image.png; path = non.png; sourceTree = "<group>"; };
		CA15370121778E3C008D1D09 /* back2today.png */ = {isa = PBXFileReference; lastKnownFileType = image.png; path = back2today.png; sourceTree = "<group>"; };
		CA15370421778E3C008D1D09 /* kanen.png */ = {isa = PBXFileReference; lastKnownFileType = image.png; path = kanen.png; sourceTree = "<group>"; };
		CA15370821778E3C008D1D09 /* word_can.png */ = {isa = PBXFileReference; lastKnownFileType = image.png; path = word_can.png; sourceTree = "<group>"; };
		CA15370A21778E3C008D1D09 /* tab_search.png */ = {isa = PBXFileReference; lastKnownFileType = image.png; path = tab_search.png; sourceTree = "<group>"; };
		CA15370B21778E3C008D1D09 /* word_non.png */ = {isa = PBXFileReference; lastKnownFileType = image.png; path = word_non.png; sourceTree = "<group>"; };
		CA15370C21778E3C008D1D09 /* tab_search@2x.png */ = {isa = PBXFileReference; lastKnownFileType = image.png; path = "tab_search@2x.png"; sourceTree = "<group>"; };
		CA15370E21778E3C008D1D09 /* word_discard_article.png */ = {isa = PBXFileReference; lastKnownFileType = image.png; path = word_discard_article.png; sourceTree = "<group>"; };
		CA15370F21778E3C008D1D09 /* word_kanen.png */ = {isa = PBXFileReference; lastKnownFileType = image.png; path = word_kanen.png; sourceTree = "<group>"; };
		CA15371121778E3C008D1D09 /* date_kanen.png */ = {isa = PBXFileReference; lastKnownFileType = image.png; path = date_kanen.png; sourceTree = "<group>"; };
		CA15371221778E3C008D1D09 /* date_discard_article.png */ = {isa = PBXFileReference; lastKnownFileType = image.png; path = date_discard_article.png; sourceTree = "<group>"; };
		CA15371321778E3C008D1D09 /* tab_setting.png */ = {isa = PBXFileReference; lastKnownFileType = image.png; path = tab_setting.png; sourceTree = "<group>"; };
		CA15371421778E3C008D1D09 /* can.png */ = {isa = PBXFileReference; lastKnownFileType = image.png; path = can.png; sourceTree = "<group>"; };
		CA15371521778E3C008D1D09 /* glass-splay.png */ = {isa = PBXFileReference; lastKnownFileType = image.png; path = "glass-splay.png"; sourceTree = "<group>"; };
		CA15371621778E3C008D1D09 /* date_glass-splay.png */ = {isa = PBXFileReference; lastKnownFileType = image.png; path = "date_glass-splay.png"; sourceTree = "<group>"; };
		CA15371721778E3C008D1D09 /* word_paper-cloth.png */ = {isa = PBXFileReference; lastKnownFileType = image.png; path = "word_paper-cloth.png"; sourceTree = "<group>"; };
		CA15371921778E3C008D1D09 /* tab_month@2x.png */ = {isa = PBXFileReference; lastKnownFileType = image.png; path = "tab_month@2x.png"; sourceTree = "<group>"; };
		CA15371A21778E3C008D1D09 /* word_glass-splay_old.png */ = {isa = PBXFileReference; lastKnownFileType = image.png; path = "word_glass-splay_old.png"; sourceTree = "<group>"; };
		CA15371B21778E3C008D1D09 /* tab_today.png */ = {isa = PBXFileReference; lastKnownFileType = image.png; path = tab_today.png; sourceTree = "<group>"; };
		CA15371D21778E3C008D1D09 /* word_funen.png */ = {isa = PBXFileReference; lastKnownFileType = image.png; path = word_funen.png; sourceTree = "<group>"; };
		CA15371E21778E3C008D1D09 /* tab_setting@2x.png */ = {isa = PBXFileReference; lastKnownFileType = image.png; path = "tab_setting@2x.png"; sourceTree = "<group>"; };
		CA15371F21778E3C008D1D09 /* tab_month.png */ = {isa = PBXFileReference; lastKnownFileType = image.png; path = tab_month.png; sourceTree = "<group>"; };
		CA15372021778E3C008D1D09 /* date_can.png */ = {isa = PBXFileReference; lastKnownFileType = image.png; path = date_can.png; sourceTree = "<group>"; };
		CA15372221778E3C008D1D09 /* date_funen.png */ = {isa = PBXFileReference; lastKnownFileType = image.png; path = date_funen.png; sourceTree = "<group>"; };
		CA15372321778E3C008D1D09 /* word_glass-splay.png */ = {isa = PBXFileReference; lastKnownFileType = image.png; path = "word_glass-splay.png"; sourceTree = "<group>"; };
		CA15372421778E3C008D1D09 /* paper-cloth.png */ = {isa = PBXFileReference; lastKnownFileType = image.png; path = "paper-cloth.png"; sourceTree = "<group>"; };
		CA15372521778E3C008D1D09 /* date_paper-cloth.png */ = {isa = PBXFileReference; lastKnownFileType = image.png; path = "date_paper-cloth.png"; sourceTree = "<group>"; };
		CA15372721778E3C008D1D09 /* date_petbottle.png */ = {isa = PBXFileReference; lastKnownFileType = image.png; path = date_petbottle.png; sourceTree = "<group>"; };
		CA15372E21778E3C008D1D09 /* discard_article.png */ = {isa = PBXFileReference; lastKnownFileType = image.png; path = discard_article.png; sourceTree = "<group>"; };
		CA15373421778E3C008D1D09 /* tab_today@2x.png */ = {isa = PBXFileReference; lastKnownFileType = image.png; path = "tab_today@2x.png"; sourceTree = "<group>"; };
		CA15373521778E3C008D1D09 /* tab_week@2x.png */ = {isa = PBXFileReference; lastKnownFileType = image.png; path = "tab_week@2x.png"; sourceTree = "<group>"; };
		CA15373621778E3C008D1D09 /* funen.png */ = {isa = PBXFileReference; lastKnownFileType = image.png; path = funen.png; sourceTree = "<group>"; };
		CA15382621778FFE008D1D09 /* 2blk-2019-01.png */ = {isa = PBXFileReference; lastKnownFileType = image.png; name = "2blk-2019-01.png"; path = "gomi_alpha/image4app/calendar/2blk-2019-01.png"; sourceTree = SOURCE_ROOT; };
		CA15382721778FFE008D1D09 /* 4blk-2019-03.png */ = {isa = PBXFileReference; lastKnownFileType = image.png; name = "4blk-2019-03.png"; path = "gomi_alpha/image4app/calendar/4blk-2019-03.png"; sourceTree = SOURCE_ROOT; };
		CA15382821778FFE008D1D09 /* 4blk-2019-02.png */ = {isa = PBXFileReference; lastKnownFileType = image.png; name = "4blk-2019-02.png"; path = "gomi_alpha/image4app/calendar/4blk-2019-02.png"; sourceTree = SOURCE_ROOT; };
		CA15382921778FFE008D1D09 /* 3blk-2019-03.png */ = {isa = PBXFileReference; lastKnownFileType = image.png; name = "3blk-2019-03.png"; path = "gomi_alpha/image4app/calendar/3blk-2019-03.png"; sourceTree = SOURCE_ROOT; };
		CA15382A21778FFE008D1D09 /* 2blk-2018-09.png */ = {isa = PBXFileReference; lastKnownFileType = image.png; name = "2blk-2018-09.png"; path = "gomi_alpha/image4app/calendar/2blk-2018-09.png"; sourceTree = SOURCE_ROOT; };
		CA15382B21778FFE008D1D09 /* 3blk-2019-02.png */ = {isa = PBXFileReference; lastKnownFileType = image.png; name = "3blk-2019-02.png"; path = "gomi_alpha/image4app/calendar/3blk-2019-02.png"; sourceTree = SOURCE_ROOT; };
		CA15382C21778FFE008D1D09 /* 2blk-2018-10.png */ = {isa = PBXFileReference; lastKnownFileType = image.png; name = "2blk-2018-10.png"; path = "gomi_alpha/image4app/calendar/2blk-2018-10.png"; sourceTree = SOURCE_ROOT; };
		CA15382D21778FFE008D1D09 /* 1blk-2018-10.png */ = {isa = PBXFileReference; lastKnownFileType = image.png; name = "1blk-2018-10.png"; path = "gomi_alpha/image4app/calendar/1blk-2018-10.png"; sourceTree = SOURCE_ROOT; };
		CA15382E21778FFE008D1D09 /* 2blk-2019-02.png */ = {isa = PBXFileReference; lastKnownFileType = image.png; name = "2blk-2019-02.png"; path = "gomi_alpha/image4app/calendar/2blk-2019-02.png"; sourceTree = SOURCE_ROOT; };
		CA15382F21778FFF008D1D09 /* 4blk-2019-01.png */ = {isa = PBXFileReference; lastKnownFileType = image.png; name = "4blk-2019-01.png"; path = "gomi_alpha/image4app/calendar/4blk-2019-01.png"; sourceTree = SOURCE_ROOT; };
		CA15383021778FFF008D1D09 /* 2blk-2018-12.png */ = {isa = PBXFileReference; lastKnownFileType = image.png; name = "2blk-2018-12.png"; path = "gomi_alpha/image4app/calendar/2blk-2018-12.png"; sourceTree = SOURCE_ROOT; };
		CA15383121778FFF008D1D09 /* 3blk-2019-01.png */ = {isa = PBXFileReference; lastKnownFileType = image.png; name = "3blk-2019-01.png"; path = "gomi_alpha/image4app/calendar/3blk-2019-01.png"; sourceTree = SOURCE_ROOT; };
		CA15383221778FFF008D1D09 /* 4blk-2018-09.png */ = {isa = PBXFileReference; lastKnownFileType = image.png; name = "4blk-2018-09.png"; path = "gomi_alpha/image4app/calendar/4blk-2018-09.png"; sourceTree = SOURCE_ROOT; };
		CA15383321778FFF008D1D09 /* 3blk-2018-12.png */ = {isa = PBXFileReference; lastKnownFileType = image.png; name = "3blk-2018-12.png"; path = "gomi_alpha/image4app/calendar/3blk-2018-12.png"; sourceTree = SOURCE_ROOT; };
		CA15383421778FFF008D1D09 /* 1blk-2019-02.png */ = {isa = PBXFileReference; lastKnownFileType = image.png; name = "1blk-2019-02.png"; path = "gomi_alpha/image4app/calendar/1blk-2019-02.png"; sourceTree = SOURCE_ROOT; };
		CA15383521778FFF008D1D09 /* 2blk-2019-03.png */ = {isa = PBXFileReference; lastKnownFileType = image.png; name = "2blk-2019-03.png"; path = "gomi_alpha/image4app/calendar/2blk-2019-03.png"; sourceTree = SOURCE_ROOT; };
		CA15383621778FFF008D1D09 /* 4blk-2018-11.png */ = {isa = PBXFileReference; lastKnownFileType = image.png; name = "4blk-2018-11.png"; path = "gomi_alpha/image4app/calendar/4blk-2018-11.png"; sourceTree = SOURCE_ROOT; };
		CA15383721779000008D1D09 /* 1blk-2019-01.png */ = {isa = PBXFileReference; lastKnownFileType = image.png; name = "1blk-2019-01.png"; path = "gomi_alpha/image4app/calendar/1blk-2019-01.png"; sourceTree = SOURCE_ROOT; };
		CA15383821779000008D1D09 /* 1blk-2019-03.png */ = {isa = PBXFileReference; lastKnownFileType = image.png; name = "1blk-2019-03.png"; path = "gomi_alpha/image4app/calendar/1blk-2019-03.png"; sourceTree = SOURCE_ROOT; };
		CA15383921779000008D1D09 /* 4blk-2018-10.png */ = {isa = PBXFileReference; lastKnownFileType = image.png; name = "4blk-2018-10.png"; path = "gomi_alpha/image4app/calendar/4blk-2018-10.png"; sourceTree = SOURCE_ROOT; };
		CA15383A21779000008D1D09 /* 3blk-2018-11.png */ = {isa = PBXFileReference; lastKnownFileType = image.png; name = "3blk-2018-11.png"; path = "gomi_alpha/image4app/calendar/3blk-2018-11.png"; sourceTree = SOURCE_ROOT; };
		CA15383B21779000008D1D09 /* 1blk-2018-11.png */ = {isa = PBXFileReference; lastKnownFileType = image.png; name = "1blk-2018-11.png"; path = "gomi_alpha/image4app/calendar/1blk-2018-11.png"; sourceTree = SOURCE_ROOT; };
		CA15383C21779000008D1D09 /* 3blk-2018-10.png */ = {isa = PBXFileReference; lastKnownFileType = image.png; name = "3blk-2018-10.png"; path = "gomi_alpha/image4app/calendar/3blk-2018-10.png"; sourceTree = SOURCE_ROOT; };
		CA15383D21779000008D1D09 /* 3blk-2018-09.png */ = {isa = PBXFileReference; lastKnownFileType = image.png; name = "3blk-2018-09.png"; path = "gomi_alpha/image4app/calendar/3blk-2018-09.png"; sourceTree = SOURCE_ROOT; };
		CA15383E21779001008D1D09 /* 1blk-2018-09.png */ = {isa = PBXFileReference; lastKnownFileType = image.png; name = "1blk-2018-09.png"; path = "gomi_alpha/image4app/calendar/1blk-2018-09.png"; sourceTree = SOURCE_ROOT; };
		CA15383F21779001008D1D09 /* 4blk-2018-12.png */ = {isa = PBXFileReference; lastKnownFileType = image.png; name = "4blk-2018-12.png"; path = "gomi_alpha/image4app/calendar/4blk-2018-12.png"; sourceTree = SOURCE_ROOT; };
		CA15384021779001008D1D09 /* 1blk-2018-12.png */ = {isa = PBXFileReference; lastKnownFileType = image.png; name = "1blk-2018-12.png"; path = "gomi_alpha/image4app/calendar/1blk-2018-12.png"; sourceTree = SOURCE_ROOT; };
		CA15384121779001008D1D09 /* 2blk-2018-11.png */ = {isa = PBXFileReference; lastKnownFileType = image.png; name = "2blk-2018-11.png"; path = "gomi_alpha/image4app/calendar/2blk-2018-11.png"; sourceTree = SOURCE_ROOT; };
		CA15385F217792AC008D1D09 /* word_petbottle.png */ = {isa = PBXFileReference; lastKnownFileType = image.png; path = word_petbottle.png; sourceTree = "<group>"; };
		CA153862217792EA008D1D09 /* date_non.png */ = {isa = PBXFileReference; lastKnownFileType = image.png; path = date_non.png; sourceTree = "<group>"; };
		CA15386421779309008D1D09 /* petbottle.png */ = {isa = PBXFileReference; lastKnownFileType = image.png; path = petbottle.png; sourceTree = "<group>"; };
		CA153866217793D7008D1D09 /* zatugamikeihatutirasi-1.png */ = {isa = PBXFileReference; lastKnownFileType = image.png; name = "zatugamikeihatutirasi-1.png"; path = "gomi_alpha/image4app/zatugamikeihatutirasi-1.png"; sourceTree = SOURCE_ROOT; };
		CA153867217793D8008D1D09 /* zatugamikeihatutirasi-2.png */ = {isa = PBXFileReference; lastKnownFileType = image.png; name = "zatugamikeihatutirasi-2.png"; path = "gomi_alpha/image4app/zatugamikeihatutirasi-2.png"; sourceTree = SOURCE_ROOT; };
		CA15386A217796DB008D1D09 /* 29gomiguideforeign-others.png */ = {isa = PBXFileReference; lastKnownFileType = image.png; name = "29gomiguideforeign-others.png"; path = "gomi_alpha/image4app/29gomiguideforeign-others.png"; sourceTree = SOURCE_ROOT; };
		CA15386B217796DC008D1D09 /* 29gomiguideforeign-English.png */ = {isa = PBXFileReference; lastKnownFileType = image.png; name = "29gomiguideforeign-English.png"; path = "gomi_alpha/image4app/29gomiguideforeign-English.png"; sourceTree = SOURCE_ROOT; };
		CA4656BB217C6BDE0006EA44 /* pit_non.png */ = {isa = PBXFileReference; lastKnownFileType = image.png; name = pit_non.png; path = gomi_alpha/image4app/pit_non.png; sourceTree = SOURCE_ROOT; };
		CA4656BC217C6BDE0006EA44 /* pit_syuusekijp.png */ = {isa = PBXFileReference; lastKnownFileType = image.png; name = pit_syuusekijp.png; path = gomi_alpha/image4app/pit_syuusekijp.png; sourceTree = SOURCE_ROOT; };
		CA4656BD217C6BDE0006EA44 /* pit_jitaku.png */ = {isa = PBXFileReference; lastKnownFileType = image.png; name = pit_jitaku.png; path = gomi_alpha/image4app/pit_jitaku.png; sourceTree = SOURCE_ROOT; };
		CA7025A01A45EBCF0017A98F /* image.xcassets */ = {isa = PBXFileReference; lastKnownFileType = folder.assetcatalog; path = image.xcassets; sourceTree = "<group>"; };
		CA7558241BA53D9C0079C419 /* QuartzCore.framework */ = {isa = PBXFileReference; lastKnownFileType = wrapper.framework; name = QuartzCore.framework; path = System/Library/Frameworks/QuartzCore.framework; sourceTree = SDKROOT; };
		CA794F3919FB44EE00C96F85 /* TsukubaGomi.app */ = {isa = PBXFileReference; explicitFileType = wrapper.application; includeInIndex = 0; path = TsukubaGomi.app; sourceTree = BUILT_PRODUCTS_DIR; };
		CA794F3C19FB44EE00C96F85 /* UIKit.framework */ = {isa = PBXFileReference; lastKnownFileType = wrapper.framework; name = UIKit.framework; path = System/Library/Frameworks/UIKit.framework; sourceTree = SDKROOT; };
		CA794F3E19FB44EE00C96F85 /* Foundation.framework */ = {isa = PBXFileReference; lastKnownFileType = wrapper.framework; name = Foundation.framework; path = System/Library/Frameworks/Foundation.framework; sourceTree = SDKROOT; };
		CA794F4019FB44EE00C96F85 /* CoreGraphics.framework */ = {isa = PBXFileReference; lastKnownFileType = wrapper.framework; name = CoreGraphics.framework; path = System/Library/Frameworks/CoreGraphics.framework; sourceTree = SDKROOT; };
		CA794F4419FB44EE00C96F85 /* TsukubaGomi-Info.plist */ = {isa = PBXFileReference; lastKnownFileType = text.plist.xml; path = "TsukubaGomi-Info.plist"; sourceTree = "<group>"; };
		CA794F4619FB44EE00C96F85 /* en */ = {isa = PBXFileReference; lastKnownFileType = text.plist.strings; name = en; path = en.lproj/InfoPlist.strings; sourceTree = "<group>"; };
		CA794F4819FB44EE00C96F85 /* main.m */ = {isa = PBXFileReference; lastKnownFileType = sourcecode.c.objc; path = main.m; sourceTree = "<group>"; };
		CA794F4A19FB44EE00C96F85 /* TsukubaGomi-Prefix.pch */ = {isa = PBXFileReference; lastKnownFileType = sourcecode.c.h; path = "TsukubaGomi-Prefix.pch"; sourceTree = "<group>"; };
		CA794F4B19FB44EE00C96F85 /* AppDelegate.h */ = {isa = PBXFileReference; lastKnownFileType = sourcecode.c.h; path = AppDelegate.h; sourceTree = "<group>"; };
		CA794F4C19FB44EE00C96F85 /* AppDelegate.m */ = {isa = PBXFileReference; lastKnownFileType = sourcecode.c.objc; path = AppDelegate.m; sourceTree = "<group>"; };
		CA794F4E19FB44EE00C96F85 /* Default.png */ = {isa = PBXFileReference; lastKnownFileType = image.png; path = Default.png; sourceTree = "<group>"; };
		CA794F5019FB44EE00C96F85 /* Default@2x.png */ = {isa = PBXFileReference; lastKnownFileType = image.png; path = "Default@2x.png"; sourceTree = "<group>"; };
		CA794F5219FB44EE00C96F85 /* Default-568h@2x.png */ = {isa = PBXFileReference; lastKnownFileType = image.png; path = "Default-568h@2x.png"; sourceTree = "<group>"; };
		CA7C28B41A62ED9A00EB538D /* ja */ = {isa = PBXFileReference; lastKnownFileType = text.plist.strings; name = ja; path = ja.lproj/InfoPlist.strings; sourceTree = "<group>"; };
		CABAAF9621857C480092E87C /* blk_east.png */ = {isa = PBXFileReference; lastKnownFileType = image.png; name = blk_east.png; path = gomi_alpha/image4app/blk_east.png; sourceTree = SOURCE_ROOT; };
		CABAAF9721857C480092E87C /* blk_west.png */ = {isa = PBXFileReference; lastKnownFileType = image.png; name = blk_west.png; path = gomi_alpha/image4app/blk_west.png; sourceTree = SOURCE_ROOT; };
		CABAAF9821857C480092E87C /* blk_south.png */ = {isa = PBXFileReference; lastKnownFileType = image.png; name = blk_south.png; path = gomi_alpha/image4app/blk_south.png; sourceTree = SOURCE_ROOT; };
		CABAAF9921857C480092E87C /* blk_north.png */ = {isa = PBXFileReference; lastKnownFileType = image.png; name = blk_north.png; path = gomi_alpha/image4app/blk_north.png; sourceTree = SOURCE_ROOT; };
		CACEEFED205D3EE6005A3995 /* db2018.json */ = {isa = PBXFileReference; fileEncoding = 4; lastKnownFileType = text.json; path = db2018.json; sourceTree = "<group>"; };
/* End PBXFileReference section */

/* Begin PBXFrameworksBuildPhase section */
		CA794F3619FB44EE00C96F85 /* Frameworks */ = {
			isa = PBXFrameworksBuildPhase;
			buildActionMask = 2147483647;
			files = (
				CA7558251BA53D9C0079C419 /* QuartzCore.framework in Frameworks */,
				B0EAD8A51ABE5C05009520E0 /* iAd.framework in Frameworks */,
				B0E1F31C1A5A188300F67676 /* CoreLocation.framework in Frameworks */,
				B0E1F31A1A5A187400F67676 /* MapKit.framework in Frameworks */,
				B0D3F8EC1A3BABB200F6B934 /* AVFoundation.framework in Frameworks */,
				CA794F3D19FB44EE00C96F85 /* UIKit.framework in Frameworks */,
				CA794F3F19FB44EE00C96F85 /* Foundation.framework in Frameworks */,
				CA794F4119FB44EE00C96F85 /* CoreGraphics.framework in Frameworks */,
			);
			runOnlyForDeploymentPostprocessing = 0;
		};
/* End PBXFrameworksBuildPhase section */

/* Begin PBXGroup section */
		B0A2699B1A348BA200589AD9 /* db_calendar */ = {
			isa = PBXGroup;
			children = (
				CACEEFED205D3EE6005A3995 /* db2018.json */,
			);
			path = db_calendar;
			sourceTree = "<group>";
		};
		CA15366621778E3C008D1D09 /* image4app */ = {
			isa = PBXGroup;
			children = (
				CA15366721778E3C008D1D09 /* background */,
				CA153866217793D7008D1D09 /* zatugamikeihatutirasi-1.png */,
				CA153867217793D8008D1D09 /* zatugamikeihatutirasi-2.png */,
				CA15386B217796DC008D1D09 /* 29gomiguideforeign-English.png */,
				CA15386A217796DB008D1D09 /* 29gomiguideforeign-others.png */,
				CABAAF9621857C480092E87C /* blk_east.png */,
				CABAAF9921857C480092E87C /* blk_north.png */,
				CABAAF9821857C480092E87C /* blk_south.png */,
				CABAAF9721857C480092E87C /* blk_west.png */,
				CA4656BD217C6BDE0006EA44 /* pit_jitaku.png */,
				CA4656BB217C6BDE0006EA44 /* pit_non.png */,
				CA4656BC217C6BDE0006EA44 /* pit_syuusekijp.png */,
				CA15371421778E3C008D1D09 /* can.png */,
				CA15372E21778E3C008D1D09 /* discard_article.png */,
				CA15373621778E3C008D1D09 /* funen.png */,
				CA15371521778E3C008D1D09 /* glass-splay.png */,
				CA15370421778E3C008D1D09 /* kanen.png */,
				CA15366F21778E3C008D1D09 /* non.png */,
				CA15372421778E3C008D1D09 /* paper-cloth.png */,
				CA15386421779309008D1D09 /* petbottle.png */,
				CA15372021778E3C008D1D09 /* date_can.png */,
				CA15371221778E3C008D1D09 /* date_discard_article.png */,
				CA15372221778E3C008D1D09 /* date_funen.png */,
				CA15371621778E3C008D1D09 /* date_glass-splay.png */,
				CA15371121778E3C008D1D09 /* date_kanen.png */,
				CA153862217792EA008D1D09 /* date_non.png */,
				CA15372521778E3C008D1D09 /* date_paper-cloth.png */,
				CA15372721778E3C008D1D09 /* date_petbottle.png */,
				CA15367321778E3C008D1D09 /* calendar */,
				CA15370121778E3C008D1D09 /* back2today.png */,
				CA15366E21778E3C008D1D09 /* tab_week.png */,
				CA15370A21778E3C008D1D09 /* tab_search.png */,
				CA15370C21778E3C008D1D09 /* tab_search@2x.png */,
				CA15371321778E3C008D1D09 /* tab_setting.png */,
				CA15371921778E3C008D1D09 /* tab_month@2x.png */,
				CA15371B21778E3C008D1D09 /* tab_today.png */,
				CA15371E21778E3C008D1D09 /* tab_setting@2x.png */,
				CA15371F21778E3C008D1D09 /* tab_month.png */,
				CA15373421778E3C008D1D09 /* tab_today@2x.png */,
				CA15373521778E3C008D1D09 /* tab_week@2x.png */,
				CA15370821778E3C008D1D09 /* word_can.png */,
				CA15371D21778E3C008D1D09 /* word_funen.png */,
				CA15372321778E3C008D1D09 /* word_glass-splay.png */,
				CA15370F21778E3C008D1D09 /* word_kanen.png */,
				CA15370B21778E3C008D1D09 /* word_non.png */,
				CA15371721778E3C008D1D09 /* word_paper-cloth.png */,
				CA15385F217792AC008D1D09 /* word_petbottle.png */,
				CA15371A21778E3C008D1D09 /* word_glass-splay_old.png */,
				CA15370E21778E3C008D1D09 /* word_discard_article.png */,
			);
			name = image4app;
			path = "../../gomi_dotti_Tsukuba（オリジナル）/gomi_alpha/image4app";
			sourceTree = "<group>";
		};
		CA15366721778E3C008D1D09 /* background */ = {
			isa = PBXGroup;
			children = (
				CA15366C21778E3C008D1D09 /* bg_rainbow-enoshima_s.jpg */,
				CA15366A21778E3C008D1D09 /* snowflakes Macro_800x600.png */,
				CA15366821778E3C008D1D09 /* rainbow-enoshima_100.jpg */,
				CA15366921778E3C008D1D09 /* bg_sakura.jpg */,
				CA15366B21778E3C008D1D09 /* 4_sakura.jpg */,
				CA15366D21778E3C008D1D09 /* skystar.png */,
			);
			path = background;
			sourceTree = "<group>";
		};
		CA15367321778E3C008D1D09 /* calendar */ = {
			isa = PBXGroup;
			children = (
				CA15383E21779001008D1D09 /* 1blk-2018-09.png */,
				CA15382D21778FFE008D1D09 /* 1blk-2018-10.png */,
				CA15383B21779000008D1D09 /* 1blk-2018-11.png */,
				CA15384021779001008D1D09 /* 1blk-2018-12.png */,
				CA15383721779000008D1D09 /* 1blk-2019-01.png */,
				CA15383421778FFF008D1D09 /* 1blk-2019-02.png */,
				CA15383821779000008D1D09 /* 1blk-2019-03.png */,
				CA15382A21778FFE008D1D09 /* 2blk-2018-09.png */,
				CA15382C21778FFE008D1D09 /* 2blk-2018-10.png */,
				CA15384121779001008D1D09 /* 2blk-2018-11.png */,
				CA15383021778FFF008D1D09 /* 2blk-2018-12.png */,
				CA15382621778FFE008D1D09 /* 2blk-2019-01.png */,
				CA15382E21778FFE008D1D09 /* 2blk-2019-02.png */,
				CA15383521778FFF008D1D09 /* 2blk-2019-03.png */,
				CA15383D21779000008D1D09 /* 3blk-2018-09.png */,
				CA15383C21779000008D1D09 /* 3blk-2018-10.png */,
				CA15383A21779000008D1D09 /* 3blk-2018-11.png */,
				CA15383321778FFF008D1D09 /* 3blk-2018-12.png */,
				CA15383121778FFF008D1D09 /* 3blk-2019-01.png */,
				CA15382B21778FFE008D1D09 /* 3blk-2019-02.png */,
				CA15382921778FFE008D1D09 /* 3blk-2019-03.png */,
				CA15383221778FFF008D1D09 /* 4blk-2018-09.png */,
				CA15383921779000008D1D09 /* 4blk-2018-10.png */,
				CA15383621778FFF008D1D09 /* 4blk-2018-11.png */,
				CA15383F21779001008D1D09 /* 4blk-2018-12.png */,
				CA15382F21778FFF008D1D09 /* 4blk-2019-01.png */,
				CA15382821778FFE008D1D09 /* 4blk-2019-02.png */,
				CA15382721778FFE008D1D09 /* 4blk-2019-03.png */,
			);
			path = calendar;
			sourceTree = "<group>";
		};
		CA794F3019FB44EE00C96F85 = {
			isa = PBXGroup;
			children = (
				CA794F4219FB44EE00C96F85 /* TsukubaGomi */,
				CA794F3B19FB44EE00C96F85 /* Frameworks */,
				CA794F3A19FB44EE00C96F85 /* Products */,
			);
			sourceTree = "<group>";
		};
		CA794F3A19FB44EE00C96F85 /* Products */ = {
			isa = PBXGroup;
			children = (
				CA794F3919FB44EE00C96F85 /* TsukubaGomi.app */,
			);
			name = Products;
			sourceTree = "<group>";
		};
		CA794F3B19FB44EE00C96F85 /* Frameworks */ = {
			isa = PBXGroup;
			children = (
				CA7558241BA53D9C0079C419 /* QuartzCore.framework */,
				B0EAD8A41ABE5C05009520E0 /* iAd.framework */,
				B0E1F31B1A5A188300F67676 /* CoreLocation.framework */,
				B0E1F3191A5A187400F67676 /* MapKit.framework */,
				B0D3F8EB1A3BABB200F6B934 /* AVFoundation.framework */,
				B0FC81841A388EED00382855 /* WebKit.framework */,
				CA794F3C19FB44EE00C96F85 /* UIKit.framework */,
				CA794F3E19FB44EE00C96F85 /* Foundation.framework */,
				CA794F4019FB44EE00C96F85 /* CoreGraphics.framework */,
			);
			name = Frameworks;
			sourceTree = "<group>";
		};
		CA794F4219FB44EE00C96F85 /* TsukubaGomi */ = {
			isa = PBXGroup;
			children = (
				B0016A3B1A733A4900455DF0 /* MainStoryboard_iPhone.storyboard */,
				CA794F4B19FB44EE00C96F85 /* AppDelegate.h */,
				CA794F4C19FB44EE00C96F85 /* AppDelegate.m */,
				B0EE71061A34047D00E21D98 /* HandleDb.h */,
				B0EE71071A34047D00E21D98 /* HandleDb.m */,
				CA7025A01A45EBCF0017A98F /* image.xcassets */,
				B0EE71001A33ED0E00E21D98 /* MonthViewController.h */,
				B0EE71011A33ED0E00E21D98 /* MonthViewController.m */,
				B0E1F3161A59D98700F67676 /* MyTabBarController.h */,
				B0E1F3171A59D98700F67676 /* MyTabBarController.m */,
				B0EE71031A33ED3200E21D98 /* SearchViewController.h */,
				B0EE71041A33ED3200E21D98 /* SearchViewController.m */,
				B079467A1A32DEF500C7B5E1 /* SettingViewController.h */,
				B079467B1A32DEF500C7B5E1 /* SettingViewController.m */,
				CA794F4319FB44EE00C96F85 /* Supporting Files */,
				B0F769251A2AEB1900858A02 /* TodayViewController.h */,
				B0F769261A2AEB1900858A02 /* TodayViewController.m */,
				B0FC81861A38A11900382855 /* WebAddressSearchViewController.h */,
				B0FC81871A38A11900382855 /* WebAddressSearchViewController.m */,
				B094637A1A37555500BD776D /* WebTypeSearchViewController.h */,
				B094637B1A37555500BD776D /* WebTypeSearchViewController.m */,
				B0EE70FD1A33ECE400E21D98 /* WeekViewController.h */,
				B0EE70FE1A33ECE400E21D98 /* WeekViewController.m */,
				B0E1F31D1A5A1A4700F67676 /* GetLocationViewController.h */,
				B0E1F31E1A5A1A4700F67676 /* GetLocationViewController.m */,
			);
			name = TsukubaGomi;
			path = gomi_alpha;
			sourceTree = "<group>";
		};
		CA794F4319FB44EE00C96F85 /* Supporting Files */ = {
			isa = PBXGroup;
			children = (
				B0A2699B1A348BA200589AD9 /* db_calendar */,
				CA794F4419FB44EE00C96F85 /* TsukubaGomi-Info.plist */,
				CA15366621778E3C008D1D09 /* image4app */,
				CA794F4519FB44EE00C96F85 /* InfoPlist.strings */,
				CA794F4819FB44EE00C96F85 /* main.m */,
				CA794F4A19FB44EE00C96F85 /* TsukubaGomi-Prefix.pch */,
				CA794F5019FB44EE00C96F85 /* Default@2x.png */,
				CA794F4E19FB44EE00C96F85 /* Default.png */,
				CA794F5219FB44EE00C96F85 /* Default-568h@2x.png */,
			);
			name = "Supporting Files";
			sourceTree = "<group>";
		};
/* End PBXGroup section */

/* Begin PBXNativeTarget section */
		CA794F3819FB44EE00C96F85 /* TsukubaGomi */ = {
			isa = PBXNativeTarget;
			buildConfigurationList = CA794F5F19FB44EE00C96F85 /* Build configuration list for PBXNativeTarget "TsukubaGomi" */;
			buildPhases = (
				CA794F3519FB44EE00C96F85 /* Sources */,
				CA794F3619FB44EE00C96F85 /* Frameworks */,
				CA794F3719FB44EE00C96F85 /* Resources */,
			);
			buildRules = (
			);
			dependencies = (
			);
			name = TsukubaGomi;
			productName = gomi_alpha;
			productReference = CA794F3919FB44EE00C96F85 /* TsukubaGomi.app */;
			productType = "com.apple.product-type.application";
		};
/* End PBXNativeTarget section */

/* Begin PBXProject section */
		CA794F3119FB44EE00C96F85 /* Project object */ = {
			isa = PBXProject;
			attributes = {
				LastUpgradeCheck = 0940;
				ORGANIZATIONNAME = "vida-comoda";
				TargetAttributes = {
					CA794F3819FB44EE00C96F85 = {
						DevelopmentTeam = TNZAR8Q963;
					};
				};
			};
			buildConfigurationList = CA794F3419FB44EE00C96F85 /* Build configuration list for PBXProject "TsukubaGomi" */;
			compatibilityVersion = "Xcode 3.2";
			developmentRegion = English;
			hasScannedForEncodings = 0;
			knownRegions = (
				en,
				ja,
			);
			mainGroup = CA794F3019FB44EE00C96F85;
			productRefGroup = CA794F3A19FB44EE00C96F85 /* Products */;
			projectDirPath = "";
			projectRoot = "";
			targets = (
				CA794F3819FB44EE00C96F85 /* TsukubaGomi */,
			);
		};
/* End PBXProject section */

/* Begin PBXResourcesBuildPhase section */
		CA794F3719FB44EE00C96F85 /* Resources */ = {
			isa = PBXResourcesBuildPhase;
			buildActionMask = 2147483647;
			files = (
				CACEEFEE205D3EE6005A3995 /* db2018.json in Resources */,
				CA15384B21779001008D1D09 /* 4blk-2019-01.png in Resources */,
				CA15385B21779001008D1D09 /* 4blk-2018-12.png in Resources */,
				CA1537E821778E3D008D1D09 /* date_discard_article.png in Resources */,
				CA1537E921778E3D008D1D09 /* tab_setting.png in Resources */,
				CA15374521778E3C008D1D09 /* tab_week.png in Resources */,
				CA1537ED21778E3D008D1D09 /* word_paper-cloth.png in Resources */,
				CA15374321778E3C008D1D09 /* bg_rainbow-enoshima_s.jpg in Resources */,
				CA15385721779001008D1D09 /* 1blk-2018-11.png in Resources */,
				CA15374421778E3C008D1D09 /* skystar.png in Resources */,
				CA1537F521778E3D008D1D09 /* tab_month.png in Resources */,
				CA794F4719FB44EE00C96F85 /* InfoPlist.strings in Resources */,
				CABAAF9A21857C480092E87C /* blk_east.png in Resources */,
				CA15373F21778E3C008D1D09 /* rainbow-enoshima_100.jpg in Resources */,
				CA15380C21778E3D008D1D09 /* funen.png in Resources */,
				CA1537FB21778E3D008D1D09 /* date_paper-cloth.png in Resources */,
				CA153860217792AD008D1D09 /* word_petbottle.png in Resources */,
				CA1537DE21778E3D008D1D09 /* word_can.png in Resources */,
				CA15380A21778E3D008D1D09 /* tab_today@2x.png in Resources */,
				CA153869217793D8008D1D09 /* zatugamikeihatutirasi-2.png in Resources */,
				CA153868217793D8008D1D09 /* zatugamikeihatutirasi-1.png in Resources */,
				CA15384A21779001008D1D09 /* 2blk-2019-02.png in Resources */,
				CA794F4F19FB44EE00C96F85 /* Default.png in Resources */,
				CA1537E521778E3D008D1D09 /* word_kanen.png in Resources */,
				CA794F5119FB44EE00C96F85 /* Default@2x.png in Resources */,
				CA1537E021778E3D008D1D09 /* tab_search.png in Resources */,
				CA4656C0217C6BDE0006EA44 /* pit_jitaku.png in Resources */,
				CA1537F421778E3D008D1D09 /* tab_setting@2x.png in Resources */,
				CA1537F621778E3D008D1D09 /* date_can.png in Resources */,
				CA15385C21779001008D1D09 /* 1blk-2018-12.png in Resources */,
				CA15380421778E3D008D1D09 /* discard_article.png in Resources */,
				CA15385121779001008D1D09 /* 2blk-2019-03.png in Resources */,
				CA15385921779001008D1D09 /* 3blk-2018-09.png in Resources */,
				CA1537EB21778E3D008D1D09 /* glass-splay.png in Resources */,
				CABAAF9B21857C480092E87C /* blk_west.png in Resources */,
				CA1537FD21778E3D008D1D09 /* date_petbottle.png in Resources */,
				CA4656BE217C6BDE0006EA44 /* pit_non.png in Resources */,
				CA15380B21778E3D008D1D09 /* tab_week@2x.png in Resources */,
				CA15385D21779001008D1D09 /* 2blk-2018-11.png in Resources */,
				CA15384421779001008D1D09 /* 4blk-2019-02.png in Resources */,
				CA15385821779001008D1D09 /* 3blk-2018-10.png in Resources */,
				CA15385021779001008D1D09 /* 1blk-2019-02.png in Resources */,
				CA794F5319FB44EE00C96F85 /* Default-568h@2x.png in Resources */,
				CA1537FA21778E3D008D1D09 /* paper-cloth.png in Resources */,
				CA15385421779001008D1D09 /* 1blk-2019-03.png in Resources */,
				CA153863217792EB008D1D09 /* date_non.png in Resources */,
				CA15384821779001008D1D09 /* 2blk-2018-10.png in Resources */,
				CA15384221779001008D1D09 /* 2blk-2019-01.png in Resources */,
				CA1537E221778E3D008D1D09 /* tab_search@2x.png in Resources */,
				CA1537F821778E3D008D1D09 /* date_funen.png in Resources */,
				CA15385321779001008D1D09 /* 1blk-2019-01.png in Resources */,
				CABAAF9D21857C480092E87C /* blk_north.png in Resources */,
				CA1537F021778E3D008D1D09 /* word_glass-splay_old.png in Resources */,
				CA15385621779001008D1D09 /* 3blk-2018-11.png in Resources */,
				CA15386C217796DC008D1D09 /* 29gomiguideforeign-others.png in Resources */,
				CA15384F21779001008D1D09 /* 3blk-2018-12.png in Resources */,
				CA1537F321778E3D008D1D09 /* word_funen.png in Resources */,
				CA15374621778E3C008D1D09 /* non.png in Resources */,
				CA1537F121778E3D008D1D09 /* tab_today.png in Resources */,
				CA15384D21779001008D1D09 /* 3blk-2019-01.png in Resources */,
				CA1537E721778E3D008D1D09 /* date_kanen.png in Resources */,
				B0016A3D1A733A4900455DF0 /* MainStoryboard_iPhone.storyboard in Resources */,
				CA7025A11A45EBCF0017A98F /* image.xcassets in Resources */,
				CA1537F921778E3D008D1D09 /* word_glass-splay.png in Resources */,
				CA15374021778E3C008D1D09 /* bg_sakura.jpg in Resources */,
				CA15385221779001008D1D09 /* 4blk-2018-11.png in Resources */,
				CA1537E421778E3D008D1D09 /* word_discard_article.png in Resources */,
				CA1537E121778E3D008D1D09 /* word_non.png in Resources */,
				CA15384621779001008D1D09 /* 2blk-2018-09.png in Resources */,
				CA1537D721778E3D008D1D09 /* back2today.png in Resources */,
				CA15384721779001008D1D09 /* 3blk-2019-02.png in Resources */,
				CA1538652177930A008D1D09 /* petbottle.png in Resources */,
				CABAAF9C21857C480092E87C /* blk_south.png in Resources */,
				CA15386D217796DC008D1D09 /* 29gomiguideforeign-English.png in Resources */,
				CA15384321779001008D1D09 /* 4blk-2019-03.png in Resources */,
				CA15384C21779001008D1D09 /* 2blk-2018-12.png in Resources */,
				CA15374221778E3C008D1D09 /* 4_sakura.jpg in Resources */,
				CA15384921779001008D1D09 /* 1blk-2018-10.png in Resources */,
				CA15385521779001008D1D09 /* 4blk-2018-10.png in Resources */,
				CA15384521779001008D1D09 /* 3blk-2019-03.png in Resources */,
				CA15374121778E3C008D1D09 /* snowflakes Macro_800x600.png in Resources */,
				CA1537EA21778E3D008D1D09 /* can.png in Resources */,
				CA1537EF21778E3D008D1D09 /* tab_month@2x.png in Resources */,
				CA1537DA21778E3D008D1D09 /* kanen.png in Resources */,
				CA15385A21779001008D1D09 /* 1blk-2018-09.png in Resources */,
				CA15384E21779001008D1D09 /* 4blk-2018-09.png in Resources */,
				CA4656BF217C6BDE0006EA44 /* pit_syuusekijp.png in Resources */,
				CA1537EC21778E3D008D1D09 /* date_glass-splay.png in Resources */,
			);
			runOnlyForDeploymentPostprocessing = 0;
		};
/* End PBXResourcesBuildPhase section */

/* Begin PBXSourcesBuildPhase section */
		CA794F3519FB44EE00C96F85 /* Sources */ = {
			isa = PBXSourcesBuildPhase;
			buildActionMask = 2147483647;
			files = (
				B0F769271A2AEB1900858A02 /* TodayViewController.m in Sources */,
				B0FC81881A38A11900382855 /* WebAddressSearchViewController.m in Sources */,
				B0E1F31F1A5A1A4700F67676 /* GetLocationViewController.m in Sources */,
				CA794F4919FB44EE00C96F85 /* main.m in Sources */,
				B0EE70FF1A33ECE400E21D98 /* WeekViewController.m in Sources */,
				CA794F4D19FB44EE00C96F85 /* AppDelegate.m in Sources */,
				B0EE71021A33ED0E00E21D98 /* MonthViewController.m in Sources */,
				B0EE71081A34047D00E21D98 /* HandleDb.m in Sources */,
				B0EE71051A33ED3200E21D98 /* SearchViewController.m in Sources */,
				B094637C1A37555500BD776D /* WebTypeSearchViewController.m in Sources */,
				B0E1F3181A59D98700F67676 /* MyTabBarController.m in Sources */,
				B079467C1A32DEF500C7B5E1 /* SettingViewController.m in Sources */,
			);
			runOnlyForDeploymentPostprocessing = 0;
		};
/* End PBXSourcesBuildPhase section */

/* Begin PBXVariantGroup section */
		B0016A3B1A733A4900455DF0 /* MainStoryboard_iPhone.storyboard */ = {
			isa = PBXVariantGroup;
			children = (
				B0016A3C1A733A4900455DF0 /* ja */,
				B0016A411A7341C400455DF0 /* en */,
			);
			name = MainStoryboard_iPhone.storyboard;
			sourceTree = "<group>";
		};
		CA794F4519FB44EE00C96F85 /* InfoPlist.strings */ = {
			isa = PBXVariantGroup;
			children = (
				CA794F4619FB44EE00C96F85 /* en */,
				CA7C28B41A62ED9A00EB538D /* ja */,
			);
			name = InfoPlist.strings;
			sourceTree = "<group>";
		};
/* End PBXVariantGroup section */

/* Begin XCBuildConfiguration section */
		CA794F5D19FB44EE00C96F85 /* Debug */ = {
			isa = XCBuildConfiguration;
			buildSettings = {
				ALWAYS_SEARCH_USER_PATHS = NO;
				CLANG_ANALYZER_LOCALIZABILITY_NONLOCALIZED = YES;
				CLANG_CXX_LANGUAGE_STANDARD = "gnu++0x";
				CLANG_CXX_LIBRARY = "libc++";
				CLANG_ENABLE_OBJC_ARC = YES;
				CLANG_WARN_BLOCK_CAPTURE_AUTORELEASING = YES;
				CLANG_WARN_BOOL_CONVERSION = YES;
				CLANG_WARN_COMMA = YES;
				CLANG_WARN_CONSTANT_CONVERSION = YES;
				CLANG_WARN_DEPRECATED_OBJC_IMPLEMENTATIONS = YES;
				CLANG_WARN_EMPTY_BODY = YES;
				CLANG_WARN_ENUM_CONVERSION = YES;
				CLANG_WARN_INFINITE_RECURSION = YES;
				CLANG_WARN_INT_CONVERSION = YES;
				CLANG_WARN_NON_LITERAL_NULL_CONVERSION = YES;
				CLANG_WARN_OBJC_IMPLICIT_RETAIN_SELF = YES;
				CLANG_WARN_OBJC_LITERAL_CONVERSION = YES;
				CLANG_WARN_RANGE_LOOP_ANALYSIS = YES;
				CLANG_WARN_STRICT_PROTOTYPES = YES;
				CLANG_WARN_SUSPICIOUS_MOVE = YES;
				CLANG_WARN_UNREACHABLE_CODE = YES;
				CLANG_WARN__DUPLICATE_METHOD_MATCH = YES;
				"CODE_SIGN_IDENTITY[sdk=iphoneos*]" = "iPhone Developer";
				COPY_PHASE_STRIP = NO;
				ENABLE_STRICT_OBJC_MSGSEND = YES;
				ENABLE_TESTABILITY = YES;
				GCC_C_LANGUAGE_STANDARD = gnu99;
				GCC_DYNAMIC_NO_PIC = NO;
				GCC_NO_COMMON_BLOCKS = YES;
				GCC_OPTIMIZATION_LEVEL = 0;
				GCC_PREPROCESSOR_DEFINITIONS = (
					"DEBUG=1",
					"$(inherited)",
				);
				GCC_SYMBOLS_PRIVATE_EXTERN = NO;
				GCC_WARN_64_TO_32_BIT_CONVERSION = YES;
				GCC_WARN_ABOUT_RETURN_TYPE = YES;
				GCC_WARN_UNDECLARED_SELECTOR = YES;
				GCC_WARN_UNINITIALIZED_AUTOS = YES;
				GCC_WARN_UNUSED_FUNCTION = YES;
				GCC_WARN_UNUSED_VARIABLE = YES;
				IPHONEOS_DEPLOYMENT_TARGET = 8.4;
				ONLY_ACTIVE_ARCH = YES;
				SDKROOT = iphoneos;
				TARGETED_DEVICE_FAMILY = 1;
			};
			name = Debug;
		};
		CA794F5E19FB44EE00C96F85 /* Release */ = {
			isa = XCBuildConfiguration;
			buildSettings = {
				ALWAYS_SEARCH_USER_PATHS = NO;
				CLANG_ANALYZER_LOCALIZABILITY_NONLOCALIZED = YES;
				CLANG_CXX_LANGUAGE_STANDARD = "gnu++0x";
				CLANG_CXX_LIBRARY = "libc++";
				CLANG_ENABLE_OBJC_ARC = YES;
				CLANG_WARN_BLOCK_CAPTURE_AUTORELEASING = YES;
				CLANG_WARN_BOOL_CONVERSION = YES;
				CLANG_WARN_COMMA = YES;
				CLANG_WARN_CONSTANT_CONVERSION = YES;
				CLANG_WARN_DEPRECATED_OBJC_IMPLEMENTATIONS = YES;
				CLANG_WARN_EMPTY_BODY = YES;
				CLANG_WARN_ENUM_CONVERSION = YES;
				CLANG_WARN_INFINITE_RECURSION = YES;
				CLANG_WARN_INT_CONVERSION = YES;
				CLANG_WARN_NON_LITERAL_NULL_CONVERSION = YES;
				CLANG_WARN_OBJC_IMPLICIT_RETAIN_SELF = YES;
				CLANG_WARN_OBJC_LITERAL_CONVERSION = YES;
				CLANG_WARN_RANGE_LOOP_ANALYSIS = YES;
				CLANG_WARN_STRICT_PROTOTYPES = YES;
				CLANG_WARN_SUSPICIOUS_MOVE = YES;
				CLANG_WARN_UNREACHABLE_CODE = YES;
				CLANG_WARN__DUPLICATE_METHOD_MATCH = YES;
				CODE_SIGN_IDENTITY = "iPhone Developer: MASANORI IWASAKI (FVQRBWG2GV)";
				"CODE_SIGN_IDENTITY[sdk=iphoneos*]" = "iPhone Developer";
				COPY_PHASE_STRIP = YES;
				ENABLE_STRICT_OBJC_MSGSEND = YES;
				GCC_C_LANGUAGE_STANDARD = gnu99;
				GCC_NO_COMMON_BLOCKS = YES;
				GCC_WARN_64_TO_32_BIT_CONVERSION = YES;
				GCC_WARN_ABOUT_RETURN_TYPE = YES;
				GCC_WARN_UNDECLARED_SELECTOR = YES;
				GCC_WARN_UNINITIALIZED_AUTOS = YES;
				GCC_WARN_UNUSED_FUNCTION = YES;
				GCC_WARN_UNUSED_VARIABLE = YES;
				IPHONEOS_DEPLOYMENT_TARGET = 8.4;
				OTHER_CFLAGS = "-DNS_BLOCK_ASSERTIONS=1";
				PROVISIONING_PROFILE = "482625e5-0528-4a75-99b1-e40a091d38bc";
				SDKROOT = iphoneos;
				TARGETED_DEVICE_FAMILY = 1;
				VALIDATE_PRODUCT = YES;
			};
			name = Release;
		};
		CA794F6019FB44EE00C96F85 /* Debug */ = {
			isa = XCBuildConfiguration;
			buildSettings = {
				ASSETCATALOG_COMPILER_APPICON_NAME = AppIcon;
				ASSETCATALOG_COMPILER_LAUNCHIMAGE_NAME = LaunchImage;
				CODE_SIGN_IDENTITY = "iPhone Developer";
				"CODE_SIGN_IDENTITY[sdk=iphoneos*]" = "iPhone Developer";
				GCC_PRECOMPILE_PREFIX_HEADER = YES;
				GCC_PREFIX_HEADER = "gomi_alpha/TsukubaGomi-Prefix.pch";
				INFOPLIST_FILE = "gomi_alpha/TsukubaGomi-Info.plist";
				IPHONEOS_DEPLOYMENT_TARGET = 9.0;
				PRODUCT_BUNDLE_IDENTIFIER = "com.vida-comoda.$(PRODUCT_NAME:rfc1034identifier)";
				PRODUCT_NAME = TsukubaGomi;
				PROVISIONING_PROFILE = "";
				TARGETED_DEVICE_FAMILY = 1;
				WRAPPER_EXTENSION = app;
			};
			name = Debug;
		};
		CA794F6119FB44EE00C96F85 /* Release */ = {
			isa = XCBuildConfiguration;
			buildSettings = {
				ASSETCATALOG_COMPILER_APPICON_NAME = AppIcon;
				ASSETCATALOG_COMPILER_LAUNCHIMAGE_NAME = LaunchImage;
				CODE_SIGN_IDENTITY = "iPhone Developer";
				"CODE_SIGN_IDENTITY[sdk=iphoneos*]" = "iPhone Developer";
				GCC_PRECOMPILE_PREFIX_HEADER = YES;
				GCC_PREFIX_HEADER = "gomi_alpha/TsukubaGomi-Prefix.pch";
				INFOPLIST_FILE = "gomi_alpha/TsukubaGomi-Info.plist";
				IPHONEOS_DEPLOYMENT_TARGET = 9.0;
				PRODUCT_BUNDLE_IDENTIFIER = "com.vida-comoda.$(PRODUCT_NAME:rfc1034identifier)";
				PRODUCT_NAME = TsukubaGomi;
				PROVISIONING_PROFILE = "";
				TARGETED_DEVICE_FAMILY = 1;
				WRAPPER_EXTENSION = app;
			};
			name = Release;
		};
/* End XCBuildConfiguration section */

/* Begin XCConfigurationList section */
		CA794F3419FB44EE00C96F85 /* Build configuration list for PBXProject "TsukubaGomi" */ = {
			isa = XCConfigurationList;
			buildConfigurations = (
				CA794F5D19FB44EE00C96F85 /* Debug */,
				CA794F5E19FB44EE00C96F85 /* Release */,
			);
			defaultConfigurationIsVisible = 0;
			defaultConfigurationName = Release;
		};
		CA794F5F19FB44EE00C96F85 /* Build configuration list for PBXNativeTarget "TsukubaGomi" */ = {
			isa = XCConfigurationList;
			buildConfigurations = (
				CA794F6019FB44EE00C96F85 /* Debug */,
				CA794F6119FB44EE00C96F85 /* Release */,
			);
			defaultConfigurationIsVisible = 0;
			defaultConfigurationName = Release;
		};
/* End XCConfigurationList section */
	};
	rootObject = CA794F3119FB44EE00C96F85 /* Project object */;
}
